// !$*UTF8*$!
{
	archiveVersion = 1;
	classes = {
	};
	objectVersion = 51;
	objects = {

/* Begin PBXBuildFile section */
		041FAF2B2411075D00093CE9 /* Image+Gif.swift in Sources */ = {isa = PBXBuildFile; fileRef = 041FAF2A2411075D00093CE9 /* Image+Gif.swift */; };
		041FAF2D2411097800093CE9 /* meteor.gif in Resources */ = {isa = PBXBuildFile; fileRef = 041FAF2C2411097800093CE9 /* meteor.gif */; };
		041FAF3024110FD300093CE9 /* nasaGif.gif in Resources */ = {isa = PBXBuildFile; fileRef = 041FAF2F24110FD200093CE9 /* nasaGif.gif */; };
		0479BE542418FD4D00D0D747 /* Meteors.swift in Sources */ = {isa = PBXBuildFile; fileRef = 0479BE532418FD4D00D0D747 /* Meteors.swift */; };
		04819E172417A39C00AE8B69 /* FoldingCell.swift in Sources */ = {isa = PBXBuildFile; fileRef = 04819E142417A39B00AE8B69 /* FoldingCell.swift */; };
		04819E1A2417A3A900AE8B69 /* DemoCell.swift in Sources */ = {isa = PBXBuildFile; fileRef = 04819E192417A3A900AE8B69 /* DemoCell.swift */; };
		04E94D2D2410CFF7003B185F /* AppDelegate.swift in Sources */ = {isa = PBXBuildFile; fileRef = 04E94D2C2410CFF7003B185F /* AppDelegate.swift */; };
		04E94D312410CFF7003B185F /* MainVC.swift in Sources */ = {isa = PBXBuildFile; fileRef = 04E94D302410CFF7003B185F /* MainVC.swift */; };
		04E94D342410CFF7003B185F /* Main.storyboard in Resources */ = {isa = PBXBuildFile; fileRef = 04E94D322410CFF7003B185F /* Main.storyboard */; };
		04E94D362410CFF9003B185F /* Assets.xcassets in Resources */ = {isa = PBXBuildFile; fileRef = 04E94D352410CFF9003B185F /* Assets.xcassets */; };
		04E94D392410CFF9003B185F /* LaunchScreen.storyboard in Resources */ = {isa = PBXBuildFile; fileRef = 04E94D372410CFF9003B185F /* LaunchScreen.storyboard */; };
		04E94D472410D7DF003B185F /* OnBoardStoryboard.storyboard in Resources */ = {isa = PBXBuildFile; fileRef = 04E94D412410D7DE003B185F /* OnBoardStoryboard.storyboard */; };
		04E94D482410D7DF003B185F /* OnBoardingViewController.swift in Sources */ = {isa = PBXBuildFile; fileRef = 04E94D422410D7DE003B185F /* OnBoardingViewController.swift */; };
		04E94D492410D7DF003B185F /* OnBoardSlide.xib in Resources */ = {isa = PBXBuildFile; fileRef = 04E94D442410D7DE003B185F /* OnBoardSlide.xib */; };
		04E94D4A2410D7DF003B185F /* OnBoardSlide.swift in Sources */ = {isa = PBXBuildFile; fileRef = 04E94D452410D7DE003B185F /* OnBoardSlide.swift */; };
		04E94D4B2410D7DF003B185F /* Onboarding.xcassets in Resources */ = {isa = PBXBuildFile; fileRef = 04E94D462410D7DE003B185F /* Onboarding.xcassets */; };
		04E94D522410D9E3003B185F /* UIView+Extensions.swift in Sources */ = {isa = PBXBuildFile; fileRef = 04E94D4D2410D9E3003B185F /* UIView+Extensions.swift */; };
		04E94D532410D9E3003B185F /* Extension+String.swift in Sources */ = {isa = PBXBuildFile; fileRef = 04E94D4E2410D9E3003B185F /* Extension+String.swift */; };
		04E94D552410D9E3003B185F /* Storyboard+Extensions.swift in Sources */ = {isa = PBXBuildFile; fileRef = 04E94D502410D9E3003B185F /* Storyboard+Extensions.swift */; };
		04E94D592410E2E2003B185F /* backgroundstars.png in Resources */ = {isa = PBXBuildFile; fileRef = 04E94D582410E2E2003B185F /* backgroundstars.png */; };
		96108F08D4DE238C9C018EEB /* libPods-NASA-Meteors.a in Frameworks */ = {isa = PBXBuildFile; fileRef = F9B831329ED0224EACE33990 /* libPods-NASA-Meteors.a */; };
/* End PBXBuildFile section */

/* Begin PBXFileReference section */
		041FAF2A2411075D00093CE9 /* Image+Gif.swift */ = {isa = PBXFileReference; lastKnownFileType = sourcecode.swift; path = "Image+Gif.swift"; sourceTree = "<group>"; };
		041FAF2C2411097800093CE9 /* meteor.gif */ = {isa = PBXFileReference; lastKnownFileType = image.gif; path = meteor.gif; sourceTree = "<group>"; };
		041FAF2F24110FD200093CE9 /* nasaGif.gif */ = {isa = PBXFileReference; lastKnownFileType = image.gif; path = nasaGif.gif; sourceTree = "<group>"; };
		0479BE532418FD4D00D0D747 /* Meteors.swift */ = {isa = PBXFileReference; fileEncoding = 4; lastKnownFileType = sourcecode.swift; path = Meteors.swift; sourceTree = "<group>"; };
		04819E142417A39B00AE8B69 /* FoldingCell.swift */ = {isa = PBXFileReference; fileEncoding = 4; lastKnownFileType = sourcecode.swift; path = FoldingCell.swift; sourceTree = "<group>"; };
		04819E152417A39B00AE8B69 /* FoldingCell.h */ = {isa = PBXFileReference; fileEncoding = 4; lastKnownFileType = sourcecode.c.h; path = FoldingCell.h; sourceTree = "<group>"; };
		04819E192417A3A900AE8B69 /* DemoCell.swift */ = {isa = PBXFileReference; fileEncoding = 4; lastKnownFileType = sourcecode.swift; path = DemoCell.swift; sourceTree = "<group>"; };
		04E94D292410CFF7003B185F /* NASA-Meteors.app */ = {isa = PBXFileReference; explicitFileType = wrapper.application; includeInIndex = 0; path = "NASA-Meteors.app"; sourceTree = BUILT_PRODUCTS_DIR; };
		04E94D2C2410CFF7003B185F /* AppDelegate.swift */ = {isa = PBXFileReference; lastKnownFileType = sourcecode.swift; path = AppDelegate.swift; sourceTree = "<group>"; };
		04E94D302410CFF7003B185F /* MainVC.swift */ = {isa = PBXFileReference; lastKnownFileType = sourcecode.swift; path = MainVC.swift; sourceTree = "<group>"; };
		04E94D332410CFF7003B185F /* Base */ = {isa = PBXFileReference; lastKnownFileType = file.storyboard; name = Base; path = Base.lproj/Main.storyboard; sourceTree = "<group>"; };
		04E94D352410CFF9003B185F /* Assets.xcassets */ = {isa = PBXFileReference; lastKnownFileType = folder.assetcatalog; path = Assets.xcassets; sourceTree = "<group>"; };
		04E94D382410CFF9003B185F /* Base */ = {isa = PBXFileReference; lastKnownFileType = file.storyboard; name = Base; path = Base.lproj/LaunchScreen.storyboard; sourceTree = "<group>"; };
		04E94D3A2410CFF9003B185F /* Info.plist */ = {isa = PBXFileReference; lastKnownFileType = text.plist.xml; path = Info.plist; sourceTree = "<group>"; };
		04E94D412410D7DE003B185F /* OnBoardStoryboard.storyboard */ = {isa = PBXFileReference; fileEncoding = 4; lastKnownFileType = file.storyboard; path = OnBoardStoryboard.storyboard; sourceTree = "<group>"; };
		04E94D422410D7DE003B185F /* OnBoardingViewController.swift */ = {isa = PBXFileReference; fileEncoding = 4; lastKnownFileType = sourcecode.swift; path = OnBoardingViewController.swift; sourceTree = "<group>"; };
		04E94D442410D7DE003B185F /* OnBoardSlide.xib */ = {isa = PBXFileReference; fileEncoding = 4; lastKnownFileType = file.xib; path = OnBoardSlide.xib; sourceTree = "<group>"; };
		04E94D452410D7DE003B185F /* OnBoardSlide.swift */ = {isa = PBXFileReference; fileEncoding = 4; lastKnownFileType = sourcecode.swift; path = OnBoardSlide.swift; sourceTree = "<group>"; };
		04E94D462410D7DE003B185F /* Onboarding.xcassets */ = {isa = PBXFileReference; lastKnownFileType = folder.assetcatalog; path = Onboarding.xcassets; sourceTree = "<group>"; };
		04E94D4D2410D9E3003B185F /* UIView+Extensions.swift */ = {isa = PBXFileReference; fileEncoding = 4; lastKnownFileType = sourcecode.swift; path = "UIView+Extensions.swift"; sourceTree = "<group>"; };
		04E94D4E2410D9E3003B185F /* Extension+String.swift */ = {isa = PBXFileReference; fileEncoding = 4; lastKnownFileType = sourcecode.swift; path = "Extension+String.swift"; sourceTree = "<group>"; };
		04E94D502410D9E3003B185F /* Storyboard+Extensions.swift */ = {isa = PBXFileReference; fileEncoding = 4; lastKnownFileType = sourcecode.swift; path = "Storyboard+Extensions.swift"; sourceTree = "<group>"; };
		04E94D582410E2E2003B185F /* backgroundstars.png */ = {isa = PBXFileReference; lastKnownFileType = image.png; path = backgroundstars.png; sourceTree = "<group>"; };
		04E94D5A2410FE3C003B185F /* SwiftyGif.framework */ = {isa = PBXFileReference; explicitFileType = wrapper.framework; path = SwiftyGif.framework; sourceTree = BUILT_PRODUCTS_DIR; };
		7F1E8027F5E6A683C7C810FE /* Pods-NASA-Meteors.debug.xcconfig */ = {isa = PBXFileReference; includeInIndex = 1; lastKnownFileType = text.xcconfig; name = "Pods-NASA-Meteors.debug.xcconfig"; path = "Target Support Files/Pods-NASA-Meteors/Pods-NASA-Meteors.debug.xcconfig"; sourceTree = "<group>"; };
		CA853E3886417108E7710A25 /* Pods-NASA-Meteors.release.xcconfig */ = {isa = PBXFileReference; includeInIndex = 1; lastKnownFileType = text.xcconfig; name = "Pods-NASA-Meteors.release.xcconfig"; path = "Target Support Files/Pods-NASA-Meteors/Pods-NASA-Meteors.release.xcconfig"; sourceTree = "<group>"; };
		F9B831329ED0224EACE33990 /* libPods-NASA-Meteors.a */ = {isa = PBXFileReference; explicitFileType = archive.ar; includeInIndex = 0; path = "libPods-NASA-Meteors.a"; sourceTree = BUILT_PRODUCTS_DIR; };
/* End PBXFileReference section */

/* Begin PBXFrameworksBuildPhase section */
		04E94D262410CFF7003B185F /* Frameworks */ = {
			isa = PBXFrameworksBuildPhase;
			buildActionMask = 2147483647;
			files = (
				96108F08D4DE238C9C018EEB /* libPods-NASA-Meteors.a in Frameworks */,
			);
			runOnlyForDeploymentPostprocessing = 0;
		};
/* End PBXFrameworksBuildPhase section */

/* Begin PBXGroup section */
		041FAF2E24110F0C00093CE9 /* Main */ = {
			isa = PBXGroup;
			children = (
				04E94D302410CFF7003B185F /* MainVC.swift */,
				04819E192417A3A900AE8B69 /* DemoCell.swift */,
				04E94D322410CFF7003B185F /* Main.storyboard */,
				04E94D352410CFF9003B185F /* Assets.xcassets */,
				0479BE522418FD3700D0D747 /* Model */,
			);
			path = Main;
			sourceTree = "<group>";
		};
		0479BE522418FD3700D0D747 /* Model */ = {
			isa = PBXGroup;
			children = (
				0479BE532418FD4D00D0D747 /* Meteors.swift */,
			);
			path = Model;
			sourceTree = "<group>";
		};
		04819E132417A39B00AE8B69 /* FoldingCell */ = {
			isa = PBXGroup;
			children = (
				04819E142417A39B00AE8B69 /* FoldingCell.swift */,
				04819E152417A39B00AE8B69 /* FoldingCell.h */,
			);
			path = FoldingCell;
			sourceTree = "<group>";
		};
		04E94D202410CFF7003B185F = {
			isa = PBXGroup;
			children = (
				04E94D2B2410CFF7003B185F /* NASA-Meteors */,
				04E94D2A2410CFF7003B185F /* Products */,
				121AB913C13D6F3EED53F699 /* Pods */,
				2A9C6EF9B82BC466FA0A6AE0 /* Frameworks */,
			);
			sourceTree = "<group>";
		};
		04E94D2A2410CFF7003B185F /* Products */ = {
			isa = PBXGroup;
			children = (
				04E94D292410CFF7003B185F /* NASA-Meteors.app */,
			);
			name = Products;
			sourceTree = "<group>";
		};
		04E94D2B2410CFF7003B185F /* NASA-Meteors */ = {
			isa = PBXGroup;
			children = (
				04E94D2C2410CFF7003B185F /* AppDelegate.swift */,
				04E94D402410D7DE003B185F /* Onboarding */,
				041FAF2E24110F0C00093CE9 /* Main */,
				04E94D4C2410D9E3003B185F /* Extensions */,
				04E94D572410E2BC003B185F /* Gil Files */,
				04E94D372410CFF9003B185F /* LaunchScreen.storyboard */,
				04E94D3A2410CFF9003B185F /* Info.plist */,
			);
			path = "NASA-Meteors";
			sourceTree = "<group>";
		};
		04E94D402410D7DE003B185F /* Onboarding */ = {
			isa = PBXGroup;
			children = (
				04E94D412410D7DE003B185F /* OnBoardStoryboard.storyboard */,
				04E94D422410D7DE003B185F /* OnBoardingViewController.swift */,
				04E94D432410D7DE003B185F /* views */,
				04E94D462410D7DE003B185F /* Onboarding.xcassets */,
			);
			path = Onboarding;
			sourceTree = "<group>";
		};
		04E94D432410D7DE003B185F /* views */ = {
			isa = PBXGroup;
			children = (
				04E94D442410D7DE003B185F /* OnBoardSlide.xib */,
				04E94D452410D7DE003B185F /* OnBoardSlide.swift */,
			);
			path = views;
			sourceTree = "<group>";
		};
		04E94D4C2410D9E3003B185F /* Extensions */ = {
			isa = PBXGroup;
			children = (
				04819E132417A39B00AE8B69 /* FoldingCell */,
				04E94D4D2410D9E3003B185F /* UIView+Extensions.swift */,
				04E94D4E2410D9E3003B185F /* Extension+String.swift */,
				04E94D502410D9E3003B185F /* Storyboard+Extensions.swift */,
				041FAF2A2411075D00093CE9 /* Image+Gif.swift */,
			);
			path = Extensions;
			sourceTree = "<group>";
		};
		04E94D572410E2BC003B185F /* Gil Files */ = {
			isa = PBXGroup;
			children = (
				041FAF2F24110FD200093CE9 /* nasaGif.gif */,
				041FAF2C2411097800093CE9 /* meteor.gif */,
				04E94D582410E2E2003B185F /* backgroundstars.png */,
			);
			path = "Gil Files";
			sourceTree = "<group>";
		};
		121AB913C13D6F3EED53F699 /* Pods */ = {
			isa = PBXGroup;
			children = (
				7F1E8027F5E6A683C7C810FE /* Pods-NASA-Meteors.debug.xcconfig */,
				CA853E3886417108E7710A25 /* Pods-NASA-Meteors.release.xcconfig */,
			);
			path = Pods;
			sourceTree = "<group>";
		};
		2A9C6EF9B82BC466FA0A6AE0 /* Frameworks */ = {
			isa = PBXGroup;
			children = (
				04E94D5A2410FE3C003B185F /* SwiftyGif.framework */,
				F9B831329ED0224EACE33990 /* libPods-NASA-Meteors.a */,
			);
			name = Frameworks;
			sourceTree = "<group>";
		};
/* End PBXGroup section */

/* Begin PBXNativeTarget section */
		04E94D282410CFF7003B185F /* NASA-Meteors */ = {
			isa = PBXNativeTarget;
			buildConfigurationList = 04E94D3D2410CFF9003B185F /* Build configuration list for PBXNativeTarget "NASA-Meteors" */;
			buildPhases = (
				0A0960913453C6EB84427B2E /* [CP] Check Pods Manifest.lock */,
				04E94D252410CFF7003B185F /* Sources */,
				04E94D262410CFF7003B185F /* Frameworks */,
				04E94D272410CFF7003B185F /* Resources */,
				114C196C8424DB6683E76F5D /* [CP] Copy Pods Resources */,
			);
			buildRules = (
			);
			dependencies = (
			);
			name = "NASA-Meteors";
			productName = "NASA-Meteors";
			productReference = 04E94D292410CFF7003B185F /* NASA-Meteors.app */;
			productType = "com.apple.product-type.application";
		};
/* End PBXNativeTarget section */

/* Begin PBXProject section */
		04E94D212410CFF7003B185F /* Project object */ = {
			isa = PBXProject;
			attributes = {
				LastSwiftUpdateCheck = 1130;
				LastUpgradeCheck = 1130;
				ORGANIZATIONNAME = "Blue Mango Global";
				TargetAttributes = {
					04E94D282410CFF7003B185F = {
						CreatedOnToolsVersion = 11.3;
					};
				};
			};
			buildConfigurationList = 04E94D242410CFF7003B185F /* Build configuration list for PBXProject "NASA-Meteors" */;
			compatibilityVersion = "Xcode 9.3";
			developmentRegion = en;
			hasScannedForEncodings = 0;
			knownRegions = (
				en,
				Base,
			);
			mainGroup = 04E94D202410CFF7003B185F;
			productRefGroup = 04E94D2A2410CFF7003B185F /* Products */;
			projectDirPath = "";
			projectRoot = "";
			targets = (
				04E94D282410CFF7003B185F /* NASA-Meteors */,
			);
		};
/* End PBXProject section */

/* Begin PBXResourcesBuildPhase section */
		04E94D272410CFF7003B185F /* Resources */ = {
			isa = PBXResourcesBuildPhase;
			buildActionMask = 2147483647;
			files = (
				04E94D4B2410D7DF003B185F /* Onboarding.xcassets in Resources */,
				041FAF3024110FD300093CE9 /* nasaGif.gif in Resources */,
				04E94D592410E2E2003B185F /* backgroundstars.png in Resources */,
				04E94D392410CFF9003B185F /* LaunchScreen.storyboard in Resources */,
				04E94D492410D7DF003B185F /* OnBoardSlide.xib in Resources */,
				04E94D472410D7DF003B185F /* OnBoardStoryboard.storyboard in Resources */,
				041FAF2D2411097800093CE9 /* meteor.gif in Resources */,
				04E94D362410CFF9003B185F /* Assets.xcassets in Resources */,
				04E94D342410CFF7003B185F /* Main.storyboard in Resources */,
			);
			runOnlyForDeploymentPostprocessing = 0;
		};
/* End PBXResourcesBuildPhase section */

/* Begin PBXShellScriptBuildPhase section */
		0A0960913453C6EB84427B2E /* [CP] Check Pods Manifest.lock */ = {
			isa = PBXShellScriptBuildPhase;
			buildActionMask = 2147483647;
			files = (
			);
			inputFileListPaths = (
			);
			inputPaths = (
				"${PODS_PODFILE_DIR_PATH}/Podfile.lock",
				"${PODS_ROOT}/Manifest.lock",
			);
			name = "[CP] Check Pods Manifest.lock";
			outputFileListPaths = (
			);
			outputPaths = (
				"$(DERIVED_FILE_DIR)/Pods-NASA-Meteors-checkManifestLockResult.txt",
			);
			runOnlyForDeploymentPostprocessing = 0;
			shellPath = /bin/sh;
			shellScript = "diff \"${PODS_PODFILE_DIR_PATH}/Podfile.lock\" \"${PODS_ROOT}/Manifest.lock\" > /dev/null\nif [ $? != 0 ] ; then\n    # print error to STDERR\n    echo \"error: The sandbox is not in sync with the Podfile.lock. Run 'pod install' or update your CocoaPods installation.\" >&2\n    exit 1\nfi\n# This output is used by Xcode 'outputs' to avoid re-running this script phase.\necho \"SUCCESS\" > \"${SCRIPT_OUTPUT_FILE_0}\"\n";
			showEnvVarsInLog = 0;
		};
		114C196C8424DB6683E76F5D /* [CP] Copy Pods Resources */ = {
			isa = PBXShellScriptBuildPhase;
			buildActionMask = 2147483647;
			files = (
			);
			inputFileListPaths = (
				"${PODS_ROOT}/Target Support Files/Pods-NASA-Meteors/Pods-NASA-Meteors-resources-${CONFIGURATION}-input-files.xcfilelist",
			);
			name = "[CP] Copy Pods Resources";
			outputFileListPaths = (
				"${PODS_ROOT}/Target Support Files/Pods-NASA-Meteors/Pods-NASA-Meteors-resources-${CONFIGURATION}-output-files.xcfilelist",
			);
			runOnlyForDeploymentPostprocessing = 0;
			shellPath = /bin/sh;
			shellScript = "\"${PODS_ROOT}/Target Support Files/Pods-NASA-Meteors/Pods-NASA-Meteors-resources.sh\"\n";
			showEnvVarsInLog = 0;
		};
/* End PBXShellScriptBuildPhase section */

/* Begin PBXSourcesBuildPhase section */
		04E94D252410CFF7003B185F /* Sources */ = {
			isa = PBXSourcesBuildPhase;
			buildActionMask = 2147483647;
			files = (
				04E94D482410D7DF003B185F /* OnBoardingViewController.swift in Sources */,
				04819E172417A39C00AE8B69 /* FoldingCell.swift in Sources */,
				04E94D312410CFF7003B185F /* MainVC.swift in Sources */,
				04E94D552410D9E3003B185F /* Storyboard+Extensions.swift in Sources */,
				04E94D532410D9E3003B185F /* Extension+String.swift in Sources */,
				0479BE542418FD4D00D0D747 /* Meteors.swift in Sources */,
				041FAF2B2411075D00093CE9 /* Image+Gif.swift in Sources */,
				04E94D522410D9E3003B185F /* UIView+Extensions.swift in Sources */,
				04819E1A2417A3A900AE8B69 /* DemoCell.swift in Sources */,
				04E94D2D2410CFF7003B185F /* AppDelegate.swift in Sources */,
				04E94D4A2410D7DF003B185F /* OnBoardSlide.swift in Sources */,
			);
			runOnlyForDeploymentPostprocessing = 0;
		};
/* End PBXSourcesBuildPhase section */

/* Begin PBXVariantGroup section */
		04E94D322410CFF7003B185F /* Main.storyboard */ = {
			isa = PBXVariantGroup;
			children = (
				04E94D332410CFF7003B185F /* Base */,
			);
			name = Main.storyboard;
			sourceTree = "<group>";
		};
		04E94D372410CFF9003B185F /* LaunchScreen.storyboard */ = {
			isa = PBXVariantGroup;
			children = (
				04E94D382410CFF9003B185F /* Base */,
			);
			name = LaunchScreen.storyboard;
			sourceTree = "<group>";
		};
/* End PBXVariantGroup section */

/* Begin XCBuildConfiguration section */
		04E94D3B2410CFF9003B185F /* Debug */ = {
			isa = XCBuildConfiguration;
			buildSettings = {
				ALWAYS_SEARCH_USER_PATHS = NO;
				CLANG_ANALYZER_NONNULL = YES;
				CLANG_ANALYZER_NUMBER_OBJECT_CONVERSION = YES_AGGRESSIVE;
				CLANG_CXX_LANGUAGE_STANDARD = "gnu++14";
				CLANG_CXX_LIBRARY = "libc++";
				CLANG_ENABLE_MODULES = YES;
				CLANG_ENABLE_OBJC_ARC = YES;
				CLANG_ENABLE_OBJC_WEAK = YES;
				CLANG_WARN_BLOCK_CAPTURE_AUTORELEASING = YES;
				CLANG_WARN_BOOL_CONVERSION = YES;
				CLANG_WARN_COMMA = YES;
				CLANG_WARN_CONSTANT_CONVERSION = YES;
				CLANG_WARN_DEPRECATED_OBJC_IMPLEMENTATIONS = YES;
				CLANG_WARN_DIRECT_OBJC_ISA_USAGE = YES_ERROR;
				CLANG_WARN_DOCUMENTATION_COMMENTS = YES;
				CLANG_WARN_EMPTY_BODY = YES;
				CLANG_WARN_ENUM_CONVERSION = YES;
				CLANG_WARN_INFINITE_RECURSION = YES;
				CLANG_WARN_INT_CONVERSION = YES;
				CLANG_WARN_NON_LITERAL_NULL_CONVERSION = YES;
				CLANG_WARN_OBJC_IMPLICIT_RETAIN_SELF = YES;
				CLANG_WARN_OBJC_LITERAL_CONVERSION = YES;
				CLANG_WARN_OBJC_ROOT_CLASS = YES_ERROR;
				CLANG_WARN_RANGE_LOOP_ANALYSIS = YES;
				CLANG_WARN_STRICT_PROTOTYPES = YES;
				CLANG_WARN_SUSPICIOUS_MOVE = YES;
				CLANG_WARN_UNGUARDED_AVAILABILITY = YES_AGGRESSIVE;
				CLANG_WARN_UNREACHABLE_CODE = YES;
				CLANG_WARN__DUPLICATE_METHOD_MATCH = YES;
				COPY_PHASE_STRIP = NO;
				DEBUG_INFORMATION_FORMAT = dwarf;
				ENABLE_STRICT_OBJC_MSGSEND = YES;
				ENABLE_TESTABILITY = YES;
				GCC_C_LANGUAGE_STANDARD = gnu11;
				GCC_DYNAMIC_NO_PIC = NO;
				GCC_NO_COMMON_BLOCKS = YES;
				GCC_OPTIMIZATION_LEVEL = 0;
				GCC_PREPROCESSOR_DEFINITIONS = (
					"DEBUG=1",
					"$(inherited)",
				);
				GCC_WARN_64_TO_32_BIT_CONVERSION = YES;
				GCC_WARN_ABOUT_RETURN_TYPE = YES_ERROR;
				GCC_WARN_UNDECLARED_SELECTOR = YES;
				GCC_WARN_UNINITIALIZED_AUTOS = YES_AGGRESSIVE;
				GCC_WARN_UNUSED_FUNCTION = YES;
				GCC_WARN_UNUSED_VARIABLE = YES;
				IPHONEOS_DEPLOYMENT_TARGET = 13.2;
				MTL_ENABLE_DEBUG_INFO = INCLUDE_SOURCE;
				MTL_FAST_MATH = YES;
				ONLY_ACTIVE_ARCH = YES;
				SDKROOT = iphoneos;
				SWIFT_ACTIVE_COMPILATION_CONDITIONS = DEBUG;
				SWIFT_OPTIMIZATION_LEVEL = "-Onone";
			};
			name = Debug;
		};
		04E94D3C2410CFF9003B185F /* Release */ = {
			isa = XCBuildConfiguration;
			buildSettings = {
				ALWAYS_SEARCH_USER_PATHS = NO;
				CLANG_ANALYZER_NONNULL = YES;
				CLANG_ANALYZER_NUMBER_OBJECT_CONVERSION = YES_AGGRESSIVE;
				CLANG_CXX_LANGUAGE_STANDARD = "gnu++14";
				CLANG_CXX_LIBRARY = "libc++";
				CLANG_ENABLE_MODULES = YES;
				CLANG_ENABLE_OBJC_ARC = YES;
				CLANG_ENABLE_OBJC_WEAK = YES;
				CLANG_WARN_BLOCK_CAPTURE_AUTORELEASING = YES;
				CLANG_WARN_BOOL_CONVERSION = YES;
				CLANG_WARN_COMMA = YES;
				CLANG_WARN_CONSTANT_CONVERSION = YES;
				CLANG_WARN_DEPRECATED_OBJC_IMPLEMENTATIONS = YES;
				CLANG_WARN_DIRECT_OBJC_ISA_USAGE = YES_ERROR;
				CLANG_WARN_DOCUMENTATION_COMMENTS = YES;
				CLANG_WARN_EMPTY_BODY = YES;
				CLANG_WARN_ENUM_CONVERSION = YES;
				CLANG_WARN_INFINITE_RECURSION = YES;
				CLANG_WARN_INT_CONVERSION = YES;
				CLANG_WARN_NON_LITERAL_NULL_CONVERSION = YES;
				CLANG_WARN_OBJC_IMPLICIT_RETAIN_SELF = YES;
				CLANG_WARN_OBJC_LITERAL_CONVERSION = YES;
				CLANG_WARN_OBJC_ROOT_CLASS = YES_ERROR;
				CLANG_WARN_RANGE_LOOP_ANALYSIS = YES;
				CLANG_WARN_STRICT_PROTOTYPES = YES;
				CLANG_WARN_SUSPICIOUS_MOVE = YES;
				CLANG_WARN_UNGUARDED_AVAILABILITY = YES_AGGRESSIVE;
				CLANG_WARN_UNREACHABLE_CODE = YES;
				CLANG_WARN__DUPLICATE_METHOD_MATCH = YES;
				COPY_PHASE_STRIP = NO;
				DEBUG_INFORMATION_FORMAT = "dwarf-with-dsym";
				ENABLE_NS_ASSERTIONS = NO;
				ENABLE_STRICT_OBJC_MSGSEND = YES;
				GCC_C_LANGUAGE_STANDARD = gnu11;
				GCC_NO_COMMON_BLOCKS = YES;
				GCC_WARN_64_TO_32_BIT_CONVERSION = YES;
				GCC_WARN_ABOUT_RETURN_TYPE = YES_ERROR;
				GCC_WARN_UNDECLARED_SELECTOR = YES;
				GCC_WARN_UNINITIALIZED_AUTOS = YES_AGGRESSIVE;
				GCC_WARN_UNUSED_FUNCTION = YES;
				GCC_WARN_UNUSED_VARIABLE = YES;
				IPHONEOS_DEPLOYMENT_TARGET = 13.2;
				MTL_ENABLE_DEBUG_INFO = NO;
				MTL_FAST_MATH = YES;
				SDKROOT = iphoneos;
				SWIFT_COMPILATION_MODE = wholemodule;
				SWIFT_OPTIMIZATION_LEVEL = "-O";
				VALIDATE_PRODUCT = YES;
			};
			name = Release;
		};
		04E94D3E2410CFF9003B185F /* Debug */ = {
			isa = XCBuildConfiguration;
			baseConfigurationReference = 7F1E8027F5E6A683C7C810FE /* Pods-NASA-Meteors.debug.xcconfig */;
			buildSettings = {
				ASSETCATALOG_COMPILER_APPICON_NAME = AppIcon;
				CODE_SIGN_STYLE = Automatic;
				DEVELOPMENT_TEAM = 873FNWTK3G;
				FRAMEWORK_SEARCH_PATHS = "$(SRCROOT)/**";
				INFOPLIST_FILE = "NASA-Meteors/Info.plist";
				IPHONEOS_DEPLOYMENT_TARGET = 12.0;
				LD_RUNPATH_SEARCH_PATHS = (
					"$(inherited)",
					"@executable_path/Frameworks",
				);
				PRODUCT_BUNDLE_IDENTIFIER = "com.bluemangoglobal.NASA-Meteors";
				PRODUCT_NAME = "$(TARGET_NAME)";
				SWIFT_VERSION = 5.0;
				TARGETED_DEVICE_FAMILY = "1,2";
			};
			name = Debug;
		};
		04E94D3F2410CFF9003B185F /* Release */ = {
			isa = XCBuildConfiguration;
			baseConfigurationReference = CA853E3886417108E7710A25 /* Pods-NASA-Meteors.release.xcconfig */;
			buildSettings = {
				ASSETCATALOG_COMPILER_APPICON_NAME = AppIcon;
				CODE_SIGN_STYLE = Automatic;
				DEVELOPMENT_TEAM = 873FNWTK3G;
				FRAMEWORK_SEARCH_PATHS = "$(SRCROOT)/**";
				INFOPLIST_FILE = "NASA-Meteors/Info.plist";
				IPHONEOS_DEPLOYMENT_TARGET = 12.0;
				LD_RUNPATH_SEARCH_PATHS = (
					"$(inherited)",
					"@executable_path/Frameworks",
				);
				PRODUCT_BUNDLE_IDENTIFIER = "com.bluemangoglobal.NASA-Meteors";
				PRODUCT_NAME = "$(TARGET_NAME)";
				SWIFT_VERSION = 5.0;
				TARGETED_DEVICE_FAMILY = "1,2";
			};
			name = Release;
		};
/* End XCBuildConfiguration section */

/* Begin XCConfigurationList section */
		04E94D242410CFF7003B185F /* Build configuration list for PBXProject "NASA-Meteors" */ = {
			isa = XCConfigurationList;
			buildConfigurations = (
				04E94D3B2410CFF9003B185F /* Debug */,
				04E94D3C2410CFF9003B185F /* Release */,
			);
			defaultConfigurationIsVisible = 0;
			defaultConfigurationName = Release;
		};
		04E94D3D2410CFF9003B185F /* Build configuration list for PBXNativeTarget "NASA-Meteors" */ = {
			isa = XCConfigurationList;
			buildConfigurations = (
				04E94D3E2410CFF9003B185F /* Debug */,
				04E94D3F2410CFF9003B185F /* Release */,
			);
			defaultConfigurationIsVisible = 0;
			defaultConfigurationName = Release;
		};
/* End XCConfigurationList section */
	};
	rootObject = 04E94D212410CFF7003B185F /* Project object */;
}
